
Microsoft Visual Studio Solution File, Format Version 12.00
# Visual Studio 2015
Project("{FAE04EC0-301F-11D3-BF4B-00C04F79EFBC}") = "UnityTechDemoV01.CSharp.Plugins", "UnityTechDemoV01.CSharp.Plugins.csproj", "{5177C13F-4BC0-933C-9C96-91EB4BA1B8F9}"
EndProject
Project("{FAE04EC0-301F-11D3-BF4B-00C04F79EFBC}") = "UnityTechDemoV01.CSharp", "UnityTechDemoV01.CSharp.csproj", "{AA6ACA82-CDCC-0604-760C-9BFA7E57DC88}"
EndProject
Project("{FAE04EC0-301F-11D3-BF4B-00C04F79EFBC}") = "UnityTechDemoV01.CSharp.Editor", "UnityTechDemoV01.CSharp.Editor.csproj", "{5263D221-E8B8-AC3B-17BB-56DB1C8B8681}"
EndProject
Global
	GlobalSection(SolutionConfigurationPlatforms) = preSolution
		Debug|Any CPU = Debug|Any CPU
		Release|Any CPU = Release|Any CPU
	EndGlobalSection
	GlobalSection(ProjectConfigurationPlatforms) = postSolution
		{5177C13F-4BC0-933C-9C96-91EB4BA1B8F9}.Debug|Any CPU.ActiveCfg = Debug|Any CPU
		{5177C13F-4BC0-933C-9C96-91EB4BA1B8F9}.Debug|Any CPU.Build.0 = Debug|Any CPU
		{5177C13F-4BC0-933C-9C96-91EB4BA1B8F9}.Release|Any CPU.ActiveCfg = Release|Any CPU
		{5177C13F-4BC0-933C-9C96-91EB4BA1B8F9}.Release|Any CPU.Build.0 = Release|Any CPU
		{AA6ACA82-CDCC-0604-760C-9BFA7E57DC88}.Debug|Any CPU.ActiveCfg = Debug|Any CPU
		{AA6ACA82-CDCC-0604-760C-9BFA7E57DC88}.Debug|Any CPU.Build.0 = Debug|Any CPU
		{AA6ACA82-CDCC-0604-760C-9BFA7E57DC88}.Release|Any CPU.ActiveCfg = Release|Any CPU
		{AA6ACA82-CDCC-0604-760C-9BFA7E57DC88}.Release|Any CPU.Build.0 = Release|Any CPU
		{5263D221-E8B8-AC3B-17BB-56DB1C8B8681}.Debug|Any CPU.ActiveCfg = Debug|Any CPU
		{5263D221-E8B8-AC3B-17BB-56DB1C8B8681}.Debug|Any CPU.Build.0 = Debug|Any CPU
		{5263D221-E8B8-AC3B-17BB-56DB1C8B8681}.Release|Any CPU.ActiveCfg = Release|Any CPU
		{5263D221-E8B8-AC3B-17BB-56DB1C8B8681}.Release|Any CPU.Build.0 = Release|Any CPU
	EndGlobalSection
	GlobalSection(SolutionProperties) = preSolution
		HideSolutionNode = FALSE
	EndGlobalSection
EndGlobal
